
Microsoft Visual Studio Solution File, Format Version 12.00
# Visual Studio Version 17
VisualStudioVersion = 17.7.34031.279
MinimumVisualStudioVersion = 10.0.40219.1
Project("{FAE04EC0-301F-11D3-BF4B-00C04F79EFBC}") = "roll a dice", "roll a dice\roll a dice.csproj", "{FC7DA8B5-A70F-4CDD-B72D-966B2AEDE774}"
EndProject
Global
	GlobalSection(SolutionConfigurationPlatforms) = preSolution
		Debug|Any CPU = Debug|Any CPU
		Release|Any CPU = Release|Any CPU
	EndGlobalSection
	GlobalSection(ProjectConfigurationPlatforms) = postSolution
		{FC7DA8B5-A70F-4CDD-B72D-966B2AEDE774}.Debug|Any CPU.ActiveCfg = Debug|Any CPU
		{FC7DA8B5-A70F-4CDD-B72D-966B2AEDE774}.Debug|Any CPU.Build.0 = Debug|Any CPU
		{FC7DA8B5-A70F-4CDD-B72D-966B2AEDE774}.Release|Any CPU.ActiveCfg = Release|Any CPU
		{FC7DA8B5-A70F-4CDD-B72D-966B2AEDE774}.Release|Any CPU.Build.0 = Release|Any CPU
	EndGlobalSection
	GlobalSection(SolutionProperties) = preSolution
		HideSolutionNode = FALSE
	EndGlobalSection
	GlobalSection(ExtensibilityGlobals) = postSolution
		SolutionGuid = {3F8D4B47-ADB7-442B-9E03-79FEB615B0F1}
	EndGlobalSection
EndGlobal
